// !$*UTF8*$!
{
	archiveVersion = 1;
	classes = {
	};
	objectVersion = 46;
	objects = {

/* Begin PBXBuildFile section */
		EAB93B5A1A4E50230016133B /* main.m in Sources */ = {isa = PBXBuildFile; fileRef = EAB93B591A4E50230016133B /* main.m */; };
		EAB93B5D1A4E50230016133B /* AppDelegate.m in Sources */ = {isa = PBXBuildFile; fileRef = EAB93B5C1A4E50230016133B /* AppDelegate.m */; };
		EAB93B601A4E50230016133B /* ViewController.m in Sources */ = {isa = PBXBuildFile; fileRef = EAB93B5F1A4E50230016133B /* ViewController.m */; };
		EAB93B631A4E50230016133B /* Main.storyboard in Resources */ = {isa = PBXBuildFile; fileRef = EAB93B611A4E50230016133B /* Main.storyboard */; };
		EAB93B651A4E50230016133B /* Images.xcassets in Resources */ = {isa = PBXBuildFile; fileRef = EAB93B641A4E50230016133B /* Images.xcassets */; };
		EAB93B681A4E50230016133B /* LaunchScreen.xib in Resources */ = {isa = PBXBuildFile; fileRef = EAB93B661A4E50230016133B /* LaunchScreen.xib */; };
		EAB93B741A4E50230016133B /* precourse1Tests.m in Sources */ = {isa = PBXBuildFile; fileRef = EAB93B731A4E50230016133B /* precourse1Tests.m */; };
/* End PBXBuildFile section */

/* Begin PBXContainerItemProxy section */
		EAB93B6E1A4E50230016133B /* PBXContainerItemProxy */ = {
			isa = PBXContainerItemProxy;
			containerPortal = EAB93B4C1A4E50230016133B /* Project object */;
			proxyType = 1;
			remoteGlobalIDString = EAB93B531A4E50230016133B;
			remoteInfo = precourse1;
		};
/* End PBXContainerItemProxy section */

/* Begin PBXFileReference section */
		EAB93B541A4E50230016133B /* precourse1.app */ = {isa = PBXFileReference; explicitFileType = wrapper.application; includeInIndex = 0; path = precourse1.app; sourceTree = BUILT_PRODUCTS_DIR; };
		EAB93B581A4E50230016133B /* Info.plist */ = {isa = PBXFileReference; lastKnownFileType = text.plist.xml; path = Info.plist; sourceTree = "<group>"; };
		EAB93B591A4E50230016133B /* main.m */ = {isa = PBXFileReference; lastKnownFileType = sourcecode.c.objc; path = main.m; sourceTree = "<group>"; };
		EAB93B5B1A4E50230016133B /* AppDelegate.h */ = {isa = PBXFileReference; lastKnownFileType = sourcecode.c.h; path = AppDelegate.h; sourceTree = "<group>"; };
		EAB93B5C1A4E50230016133B /* AppDelegate.m */ = {isa = PBXFileReference; lastKnownFileType = sourcecode.c.objc; path = AppDelegate.m; sourceTree = "<group>"; };
		EAB93B5E1A4E50230016133B /* ViewController.h */ = {isa = PBXFileReference; lastKnownFileType = sourcecode.c.h; path = ViewController.h; sourceTree = "<group>"; };
		EAB93B5F1A4E50230016133B /* ViewController.m */ = {isa = PBXFileReference; lastKnownFileType = sourcecode.c.objc; path = ViewController.m; sourceTree = "<group>"; };
		EAB93B621A4E50230016133B /* Base */ = {isa = PBXFileReference; lastKnownFileType = file.storyboard; name = Base; path = Base.lproj/Main.storyboard; sourceTree = "<group>"; };
		EAB93B641A4E50230016133B /* Images.xcassets */ = {isa = PBXFileReference; lastKnownFileType = folder.assetcatalog; path = Images.xcassets; sourceTree = "<group>"; };
		EAB93B671A4E50230016133B /* Base */ = {isa = PBXFileReference; lastKnownFileType = file.xib; name = Base; path = Base.lproj/LaunchScreen.xib; sourceTree = "<group>"; };
		EAB93B6D1A4E50230016133B /* precourse1Tests.xctest */ = {isa = PBXFileReference; explicitFileType = wrapper.cfbundle; includeInIndex = 0; path = precourse1Tests.xctest; sourceTree = BUILT_PRODUCTS_DIR; };
		EAB93B721A4E50230016133B /* Info.plist */ = {isa = PBXFileReference; lastKnownFileType = text.plist.xml; path = Info.plist; sourceTree = "<group>"; };
		EAB93B731A4E50230016133B /* precourse1Tests.m */ = {isa = PBXFileReference; lastKnownFileType = sourcecode.c.objc; path = precourse1Tests.m; sourceTree = "<group>"; };
/* End PBXFileReference section */

/* Begin PBXFrameworksBuildPhase section */
		EAB93B511A4E50230016133B /* Frameworks */ = {
			isa = PBXFrameworksBuildPhase;
			buildActionMask = 2147483647;
			files = (
			);
			runOnlyForDeploymentPostprocessing = 0;
		};
		EAB93B6A1A4E50230016133B /* Frameworks */ = {
			isa = PBXFrameworksBuildPhase;
			buildActionMask = 2147483647;
			files = (
			);
			runOnlyForDeploymentPostprocessing = 0;
		};
/* End PBXFrameworksBuildPhase section */

/* Begin PBXGroup section */
		EAB93B4B1A4E50230016133B = {
			isa = PBXGroup;
			children = (
				EAB93B561A4E50230016133B /* precourse1 */,
				EAB93B701A4E50230016133B /* precourse1Tests */,
				EAB93B551A4E50230016133B /* Products */,
			);
			sourceTree = "<group>";
		};
		EAB93B551A4E50230016133B /* Products */ = {
			isa = PBXGroup;
			children = (
				EAB93B541A4E50230016133B /* precourse1.app */,
				EAB93B6D1A4E50230016133B /* precourse1Tests.xctest */,
			);
			name = Products;
			sourceTree = "<group>";
		};
		EAB93B561A4E50230016133B /* precourse1 */ = {
			isa = PBXGroup;
			children = (
				EAB93B5B1A4E50230016133B /* AppDelegate.h */,
				EAB93B5C1A4E50230016133B /* AppDelegate.m */,
				EAB93B5E1A4E50230016133B /* ViewController.h */,
				EAB93B5F1A4E50230016133B /* ViewController.m */,
				EAB93B611A4E50230016133B /* Main.storyboard */,
				EAB93B641A4E50230016133B /* Images.xcassets */,
				EAB93B661A4E50230016133B /* LaunchScreen.xib */,
				EAB93B571A4E50230016133B /* Supporting Files */,
			);
			path = precourse1;
			sourceTree = "<group>";
		};
		EAB93B571A4E50230016133B /* Supporting Files */ = {
			isa = PBXGroup;
			children = (
				EAB93B581A4E50230016133B /* Info.plist */,
				EAB93B591A4E50230016133B /* main.m */,
			);
			name = "Supporting Files";
			sourceTree = "<group>";
		};
		EAB93B701A4E50230016133B /* precourse1Tests */ = {
			isa = PBXGroup;
			children = (
				EAB93B731A4E50230016133B /* precourse1Tests.m */,
				EAB93B711A4E50230016133B /* Supporting Files */,
			);
			path = precourse1Tests;
			sourceTree = "<group>";
		};
		EAB93B711A4E50230016133B /* Supporting Files */ = {
			isa = PBXGroup;
			children = (
				EAB93B721A4E50230016133B /* Info.plist */,
			);
			name = "Supporting Files";
			sourceTree = "<group>";
		};
/* End PBXGroup section */

/* Begin PBXNativeTarget section */
		EAB93B531A4E50230016133B /* precourse1 */ = {
			isa = PBXNativeTarget;
			buildConfigurationList = EAB93B771A4E50230016133B /* Build configuration list for PBXNativeTarget "precourse1" */;
			buildPhases = (
				EAB93B501A4E50230016133B /* Sources */,
				EAB93B511A4E50230016133B /* Frameworks */,
				EAB93B521A4E50230016133B /* Resources */,
			);
			buildRules = (
			);
			dependencies = (
			);
			name = precourse1;
			productName = precourse1;
			productReference = EAB93B541A4E50230016133B /* precourse1.app */;
			productType = "com.apple.product-type.application";
		};
		EAB93B6C1A4E50230016133B /* precourse1Tests */ = {
			isa = PBXNativeTarget;
			buildConfigurationList = EAB93B7A1A4E50230016133B /* Build configuration list for PBXNativeTarget "precourse1Tests" */;
			buildPhases = (
				EAB93B691A4E50230016133B /* Sources */,
				EAB93B6A1A4E50230016133B /* Frameworks */,
				EAB93B6B1A4E50230016133B /* Resources */,
			);
			buildRules = (
			);
			dependencies = (
				EAB93B6F1A4E50230016133B /* PBXTargetDependency */,
			);
			name = precourse1Tests;
			productName = precourse1Tests;
			productReference = EAB93B6D1A4E50230016133B /* precourse1Tests.xctest */;
			productType = "com.apple.product-type.bundle.unit-test";
		};
/* End PBXNativeTarget section */

/* Begin PBXProject section */
		EAB93B4C1A4E50230016133B /* Project object */ = {
			isa = PBXProject;
			attributes = {
				LastUpgradeCheck = 0610;
				ORGANIZATIONNAME = DevMountain;
				TargetAttributes = {
					EAB93B531A4E50230016133B = {
						CreatedOnToolsVersion = 6.1.1;
					};
					EAB93B6C1A4E50230016133B = {
						CreatedOnToolsVersion = 6.1.1;
						TestTargetID = EAB93B531A4E50230016133B;
					};
				};
			};
			buildConfigurationList = EAB93B4F1A4E50230016133B /* Build configuration list for PBXProject "precourse1" */;
			compatibilityVersion = "Xcode 3.2";
			developmentRegion = English;
			hasScannedForEncodings = 0;
			knownRegions = (
				en,
				Base,
			);
			mainGroup = EAB93B4B1A4E50230016133B;
			productRefGroup = EAB93B551A4E50230016133B /* Products */;
			projectDirPath = "";
			projectRoot = "";
			targets = (
				EAB93B531A4E50230016133B /* precourse1 */,
				EAB93B6C1A4E50230016133B /* precourse1Tests */,
			);
		};
/* End PBXProject section */

/* Begin PBXResourcesBuildPhase section */
		EAB93B521A4E50230016133B /* Resources */ = {
			isa = PBXResourcesBuildPhase;
			buildActionMask = 2147483647;
			files = (
				EAB93B631A4E50230016133B /* Main.storyboard in Resources */,
				EAB93B681A4E50230016133B /* LaunchScreen.xib in Resources */,
				EAB93B651A4E50230016133B /* Images.xcassets in Resources */,
			);
			runOnlyForDeploymentPostprocessing = 0;
		};
		EAB93B6B1A4E50230016133B /* Resources */ = {
			isa = PBXResourcesBuildPhase;
			buildActionMask = 2147483647;
			files = (
			);
			runOnlyForDeploymentPostprocessing = 0;
		};
/* End PBXResourcesBuildPhase section */

/* Begin PBXSourcesBuildPhase section */
		EAB93B501A4E50230016133B /* Sources */ = {
			isa = PBXSourcesBuildPhase;
			buildActionMask = 2147483647;
			files = (
				EAB93B601A4E50230016133B /* ViewController.m in Sources */,
				EAB93B5D1A4E50230016133B /* AppDelegate.m in Sources */,
				EAB93B5A1A4E50230016133B /* main.m in Sources */,
			);
			runOnlyForDeploymentPostprocessing = 0;
		};
		EAB93B691A4E50230016133B /* Sources */ = {
			isa = PBXSourcesBuildPhase;
			buildActionMask = 2147483647;
			files = (
				EAB93B741A4E50230016133B /* precourse1Tests.m in Sources */,
			);
			runOnlyForDeploymentPostprocessing = 0;
		};
/* End PBXSourcesBuildPhase section */

/* Begin PBXTargetDependency section */
		EAB93B6F1A4E50230016133B /* PBXTargetDependency */ = {
			isa = PBXTargetDependency;
			target = EAB93B531A4E50230016133B /* precourse1 */;
			targetProxy = EAB93B6E1A4E50230016133B /* PBXContainerItemProxy */;
		};
/* End PBXTargetDependency section */

/* Begin PBXVariantGroup section */
		EAB93B611A4E50230016133B /* Main.storyboard */ = {
			isa = PBXVariantGroup;
			children = (
				EAB93B621A4E50230016133B /* Base */,
			);
			name = Main.storyboard;
			sourceTree = "<group>";
		};
		EAB93B661A4E50230016133B /* LaunchScreen.xib */ = {
			isa = PBXVariantGroup;
			children = (
				EAB93B671A4E50230016133B /* Base */,
			);
			name = LaunchScreen.xib;
			sourceTree = "<group>";
		};
/* End PBXVariantGroup section */

/* Begin XCBuildConfiguration section */
		EAB93B751A4E50230016133B /* Debug */ = {
			isa = XCBuildConfiguration;
			buildSettings = {
				ALWAYS_SEARCH_USER_PATHS = NO;
				CLANG_CXX_LANGUAGE_STANDARD = "gnu++0x";
				CLANG_CXX_LIBRARY = "libc++";
				CLANG_ENABLE_MODULES = YES;
				CLANG_ENABLE_OBJC_ARC = YES;
				CLANG_WARN_BOOL_CONVERSION = YES;
				CLANG_WARN_CONSTANT_CONVERSION = YES;
				CLANG_WARN_DIRECT_OBJC_ISA_USAGE = YES_ERROR;
				CLANG_WARN_EMPTY_BODY = YES;
				CLANG_WARN_ENUM_CONVERSION = YES;
				CLANG_WARN_INT_CONVERSION = YES;
				CLANG_WARN_OBJC_ROOT_CLASS = YES_ERROR;
				CLANG_WARN_UNREACHABLE_CODE = YES;
				CLANG_WARN__DUPLICATE_METHOD_MATCH = YES;
				"CODE_SIGN_IDENTITY[sdk=iphoneos*]" = "iPhone Developer";
				COPY_PHASE_STRIP = NO;
				ENABLE_STRICT_OBJC_MSGSEND = YES;
				GCC_C_LANGUAGE_STANDARD = gnu99;
				GCC_DYNAMIC_NO_PIC = NO;
				GCC_OPTIMIZATION_LEVEL = 0;
				GCC_PREPROCESSOR_DEFINITIONS = (
					"DEBUG=1",
					"$(inherited)",
				);
				GCC_SYMBOLS_PRIVATE_EXTERN = NO;
				GCC_WARN_64_TO_32_BIT_CONVERSION = YES;
				GCC_WARN_ABOUT_RETURN_TYPE = YES_ERROR;
				GCC_WARN_UNDECLARED_SELECTOR = YES;
				GCC_WARN_UNINITIALIZED_AUTOS = YES_AGGRESSIVE;
				GCC_WARN_UNUSED_FUNCTION = YES;
				GCC_WARN_UNUSED_VARIABLE = YES;
				IPHONEOS_DEPLOYMENT_TARGET = 8.1;
				MTL_ENABLE_DEBUG_INFO = YES;
				ONLY_ACTIVE_ARCH = YES;
				SDKROOT = iphoneos;
			};
			name = Debug;
		};
		EAB93B761A4E50230016133B /* Release */ = {
			isa = XCBuildConfiguration;
			buildSettings = {
				ALWAYS_SEARCH_USER_PATHS = NO;
				CLANG_CXX_LANGUAGE_STANDARD = "gnu++0x";
				CLANG_CXX_LIBRARY = "libc++";
				CLANG_ENABLE_MODULES = YES;
				CLANG_ENABLE_OBJC_ARC = YES;
				CLANG_WARN_BOOL_CONVERSION = YES;
				CLANG_WARN_CONSTANT_CONVERSION = YES;
				CLANG_WARN_DIRECT_OBJC_ISA_USAGE = YES_ERROR;
				CLANG_WARN_EMPTY_BODY = YES;
				CLANG_WARN_ENUM_CONVERSION = YES;
				CLANG_WARN_INT_CONVERSION = YES;
				CLANG_WARN_OBJC_ROOT_CLASS = YES_ERROR;
				CLANG_WARN_UNREACHABLE_CODE = YES;
				CLANG_WARN__DUPLICATE_METHOD_MATCH = YES;
				"CODE_SIGN_IDENTITY[sdk=iphoneos*]" = "iPhone Developer";
				COPY_PHASE_STRIP = YES;
				ENABLE_NS_ASSERTIONS = NO;
				ENABLE_STRICT_OBJC_MSGSEND = YES;
				GCC_C_LANGUAGE_STANDARD = gnu99;
				GCC_WARN_64_TO_32_BIT_CONVERSION = YES;
				GCC_WARN_ABOUT_RETURN_TYPE = YES_ERROR;
				GCC_WARN_UNDECLARED_SELECTOR = YES;
				GCC_WARN_UNINITIALIZED_AUTOS = YES_AGGRESSIVE;
				GCC_WARN_UNUSED_FUNCTION = YES;
				GCC_WARN_UNUSED_VARIABLE = YES;
				IPHONEOS_DEPLOYMENT_TARGET = 8.1;
				MTL_ENABLE_DEBUG_INFO = NO;
				SDKROOT = iphoneos;
				VALIDATE_PRODUCT = YES;
			};
			name = Release;
		};
		EAB93B781A4E50230016133B /* Debug */ = {
			isa = XCBuildConfiguration;
			buildSettings = {
				ASSETCATALOG_COMPILER_APPICON_NAME = AppIcon;
				INFOPLIST_FILE = precourse1/Info.plist;
				LD_RUNPATH_SEARCH_PATHS = "$(inherited) @executable_path/Frameworks";
				PRODUCT_NAME = "$(TARGET_NAME)";
			};
			name = Debug;
		};
		EAB93B791A4E50230016133B /* Release */ = {
			isa = XCBuildConfiguration;
			buildSettings = {
				ASSETCATALOG_COMPILER_APPICON_NAME = AppIcon;
				INFOPLIST_FILE = precourse1/Info.plist;
				LD_RUNPATH_SEARCH_PATHS = "$(inherited) @executable_path/Frameworks";
				PRODUCT_NAME = "$(TARGET_NAME)";
			};
			name = Release;
		};
		EAB93B7B1A4E50230016133B /* Debug */ = {
			isa = XCBuildConfiguration;
			buildSettings = {
				BUNDLE_LOADER = "$(TEST_HOST)";
				FRAMEWORK_SEARCH_PATHS = (
					"$(SDKROOT)/Developer/Library/Frameworks",
					"$(inherited)",
				);
				GCC_PREPROCESSOR_DEFINITIONS = (
					"DEBUG=1",
					"$(inherited)",
				);
				INFOPLIST_FILE = precourse1Tests/Info.plist;
				LD_RUNPATH_SEARCH_PATHS = "$(inherited) @executable_path/Frameworks @loader_path/Frameworks";
				PRODUCT_NAME = "$(TARGET_NAME)";
				TEST_HOST = "$(BUILT_PRODUCTS_DIR)/precourse1.app/precourse1";
			};
			name = Debug;
		};
		EAB93B7C1A4E50230016133B /* Release */ = {
			isa = XCBuildConfiguration;
			buildSettings = {
				BUNDLE_LOADER = "$(TEST_HOST)";
				FRAMEWORK_SEARCH_PATHS = (
					"$(SDKROOT)/Developer/Library/Frameworks",
					"$(inherited)",
				);
				INFOPLIST_FILE = precourse1Tests/Info.plist;
				LD_RUNPATH_SEARCH_PATHS = "$(inherited) @executable_path/Frameworks @loader_path/Frameworks";
				PRODUCT_NAME = "$(TARGET_NAME)";
				TEST_HOST = "$(BUILT_PRODUCTS_DIR)/precourse1.app/precourse1";
			};
			name = Release;
		};
/* End XCBuildConfiguration section */

/* Begin XCConfigurationList section */
		EAB93B4F1A4E50230016133B /* Build configuration list for PBXProject "precourse1" */ = {
			isa = XCConfigurationList;
			buildConfigurations = (
				EAB93B751A4E50230016133B /* Debug */,
				EAB93B761A4E50230016133B /* Release */,
			);
			defaultConfigurationIsVisible = 0;
			defaultConfigurationName = Release;
		};
		EAB93B771A4E50230016133B /* Build configuration list for PBXNativeTarget "precourse1" */ = {
			isa = XCConfigurationList;
			buildConfigurations = (
				EAB93B781A4E50230016133B /* Debug */,
				EAB93B791A4E50230016133B /* Release */,
			);
			defaultConfigurationIsVisible = 0;
		};
		EAB93B7A1A4E50230016133B /* Build configuration list for PBXNativeTarget "precourse1Tests" */ = {
			isa = XCConfigurationList;
			buildConfigurations = (
				EAB93B7B1A4E50230016133B /* Debug */,
				EAB93B7C1A4E50230016133B /* Release */,
			);
			defaultConfigurationIsVisible = 0;
		};
/* End XCConfigurationList section */
	};
	rootObject = EAB93B4C1A4E50230016133B /* Project object */;
}
